
Microsoft Visual Studio Solution File, Format Version 12.00
# Visual Studio Version 16
VisualStudioVersion = 16.0.30011.22
MinimumVisualStudioVersion = 10.0.40219.1
Project("{FAE04EC0-301F-11D3-BF4B-00C04F79EFBC}") = "visio-generator-tester-wpf", "visio-generator-tester-wpf.csproj", "{B5919A8E-14FF-4DDF-A288-69DCDF3BFDFE}"
EndProject
Project("{FAE04EC0-301F-11D3-BF4B-00C04F79EFBC}") = "visio-generator-lib", "..\visio-generator-lib\visio-generator-lib.csproj", "{A36B48E6-B5C2-4A33-BB6E-BDE68208D8B3}"
EndProject
Global
	GlobalSection(SolutionConfigurationPlatforms) = preSolution
		Debug|Any CPU = Debug|Any CPU
		Release|Any CPU = Release|Any CPU
	EndGlobalSection
	GlobalSection(ProjectConfigurationPlatforms) = postSolution
		{B5919A8E-14FF-4DDF-A288-69DCDF3BFDFE}.Debug|Any CPU.ActiveCfg = Debug|Any CPU
		{B5919A8E-14FF-4DDF-A288-69DCDF3BFDFE}.Debug|Any CPU.Build.0 = Debug|Any CPU
		{B5919A8E-14FF-4DDF-A288-69DCDF3BFDFE}.Release|Any CPU.ActiveCfg = Release|Any CPU
		{B5919A8E-14FF-4DDF-A288-69DCDF3BFDFE}.Release|Any CPU.Build.0 = Release|Any CPU
		{A36B48E6-B5C2-4A33-BB6E-BDE68208D8B3}.Debug|Any CPU.ActiveCfg = Debug|Any CPU
		{A36B48E6-B5C2-4A33-BB6E-BDE68208D8B3}.Debug|Any CPU.Build.0 = Debug|Any CPU
		{A36B48E6-B5C2-4A33-BB6E-BDE68208D8B3}.Release|Any CPU.ActiveCfg = Release|Any CPU
		{A36B48E6-B5C2-4A33-BB6E-BDE68208D8B3}.Release|Any CPU.Build.0 = Release|Any CPU
	EndGlobalSection
	GlobalSection(SolutionProperties) = preSolution
		HideSolutionNode = FALSE
	EndGlobalSection
	GlobalSection(ExtensibilityGlobals) = postSolution
		SolutionGuid = {65FFD58B-0DA0-4431-85BE-56DFE734BB41}
	EndGlobalSection
EndGlobal
